
Microsoft Visual Studio Solution File, Format Version 12.00
# Visual Studio 15
VisualStudioVersion = 15.0.26228.13
MinimumVisualStudioVersion = 10.0.40219.1
Project("{FAE04EC0-301F-11D3-BF4B-00C04F79EFBC}") = "ZenCNC.STEAM", "ZenCNC.STEAM\ZenCNC.STEAM.csproj", "{6DFDDBB5-99E8-4ED4-BDB2-68FF858C6D46}"
EndProject
Project("{FAE04EC0-301F-11D3-BF4B-00C04F79EFBC}") = "ZenCNC.STEAM.WinForm.Control", "ZenCNC.STEAM.WinForm.Control\ZenCNC.STEAM.WinForm.Control.csproj", "{9D5416AC-95C4-466F-B783-641A8E8CFB2C}"
EndProject
Project("{2150E333-8FDC-42A3-9474-1A3956D46DE8}") = "src", "src", "{C2214885-247D-48F1-A85F-BA7F4879A5F3}"
EndProject
Project("{2150E333-8FDC-42A3-9474-1A3956D46DE8}") = "ZenCNC.STEAM", "ZenCNC.STEAM", "{E1D81BA3-05B7-41DE-9F51-FEE7938A2188}"
EndProject
Project("{2150E333-8FDC-42A3-9474-1A3956D46DE8}") = "ZenCNC.STEAM.WinForm.Control", "ZenCNC.STEAM.WinForm.Control", "{40FC70B0-4A09-45F0-B725-D1FF8A16FF5D}"
EndProject
Global
	GlobalSection(SolutionConfigurationPlatforms) = preSolution
		Debug|Any CPU = Debug|Any CPU
		Release|Any CPU = Release|Any CPU
	EndGlobalSection
	GlobalSection(ProjectConfigurationPlatforms) = postSolution
		{6DFDDBB5-99E8-4ED4-BDB2-68FF858C6D46}.Debug|Any CPU.ActiveCfg = Debug|Any CPU
		{6DFDDBB5-99E8-4ED4-BDB2-68FF858C6D46}.Debug|Any CPU.Build.0 = Debug|Any CPU
		{6DFDDBB5-99E8-4ED4-BDB2-68FF858C6D46}.Release|Any CPU.ActiveCfg = Release|Any CPU
		{6DFDDBB5-99E8-4ED4-BDB2-68FF858C6D46}.Release|Any CPU.Build.0 = Release|Any CPU
		{9D5416AC-95C4-466F-B783-641A8E8CFB2C}.Debug|Any CPU.ActiveCfg = Debug|Any CPU
		{9D5416AC-95C4-466F-B783-641A8E8CFB2C}.Debug|Any CPU.Build.0 = Debug|Any CPU
		{9D5416AC-95C4-466F-B783-641A8E8CFB2C}.Release|Any CPU.ActiveCfg = Release|Any CPU
		{9D5416AC-95C4-466F-B783-641A8E8CFB2C}.Release|Any CPU.Build.0 = Release|Any CPU
	EndGlobalSection
	GlobalSection(SolutionProperties) = preSolution
		HideSolutionNode = FALSE
	EndGlobalSection
	GlobalSection(NestedProjects) = preSolution
		{6DFDDBB5-99E8-4ED4-BDB2-68FF858C6D46} = {E1D81BA3-05B7-41DE-9F51-FEE7938A2188}
		{9D5416AC-95C4-466F-B783-641A8E8CFB2C} = {40FC70B0-4A09-45F0-B725-D1FF8A16FF5D}
		{E1D81BA3-05B7-41DE-9F51-FEE7938A2188} = {C2214885-247D-48F1-A85F-BA7F4879A5F3}
		{40FC70B0-4A09-45F0-B725-D1FF8A16FF5D} = {C2214885-247D-48F1-A85F-BA7F4879A5F3}
	EndGlobalSection
EndGlobal
